// !$*UTF8*$!
{
	archiveVersion = 1;
	classes = {
	};
	objectVersion = 56;
	objects = {

/* Begin PBXBuildFile section */
		E23AD5442A2634C200E5A4D4 /* AppDelegate.swift in Sources */ = {isa = PBXBuildFile; fileRef = E23AD5432A2634C200E5A4D4 /* AppDelegate.swift */; };
		E23AD5462A2634C200E5A4D4 /* SceneDelegate.swift in Sources */ = {isa = PBXBuildFile; fileRef = E23AD5452A2634C200E5A4D4 /* SceneDelegate.swift */; };
		E23AD5482A2634C200E5A4D4 /* SearchViewController.swift in Sources */ = {isa = PBXBuildFile; fileRef = E23AD5472A2634C200E5A4D4 /* SearchViewController.swift */; };
		E23AD54D2A2634C300E5A4D4 /* Assets.xcassets in Resources */ = {isa = PBXBuildFile; fileRef = E23AD54C2A2634C300E5A4D4 /* Assets.xcassets */; };
		E23AD5502A2634C300E5A4D4 /* LaunchScreen.storyboard in Resources */ = {isa = PBXBuildFile; fileRef = E23AD54E2A2634C300E5A4D4 /* LaunchScreen.storyboard */; };
		E23AD55B2A2634C300E5A4D4 /* BookSearchAppTests.swift in Sources */ = {isa = PBXBuildFile; fileRef = E23AD55A2A2634C300E5A4D4 /* BookSearchAppTests.swift */; };
		E23AD5652A2634C300E5A4D4 /* BookSearchAppUITests.swift in Sources */ = {isa = PBXBuildFile; fileRef = E23AD5642A2634C300E5A4D4 /* BookSearchAppUITests.swift */; };
		E23AD5672A2634C300E5A4D4 /* BookSearchAppUITestsLaunchTests.swift in Sources */ = {isa = PBXBuildFile; fileRef = E23AD5662A2634C300E5A4D4 /* BookSearchAppUITestsLaunchTests.swift */; };
		E23AD5752A26451200E5A4D4 /* UICollectionView+.swift in Sources */ = {isa = PBXBuildFile; fileRef = E23AD5742A26451200E5A4D4 /* UICollectionView+.swift */; };
		E23AD5792A264A7E00E5A4D4 /* NetworkService.swift in Sources */ = {isa = PBXBuildFile; fileRef = E23AD5782A264A7E00E5A4D4 /* NetworkService.swift */; };
		E23AD57B2A264BC300E5A4D4 /* EndPoints.swift in Sources */ = {isa = PBXBuildFile; fileRef = E23AD57A2A264BC300E5A4D4 /* EndPoints.swift */; };
		E23AD57D2A264ED300E5A4D4 /* ImageCache.swift in Sources */ = {isa = PBXBuildFile; fileRef = E23AD57C2A264ED300E5A4D4 /* ImageCache.swift */; };
		E23AD57F2A264EF400E5A4D4 /* ImageLoader.swift in Sources */ = {isa = PBXBuildFile; fileRef = E23AD57E2A264EF400E5A4D4 /* ImageLoader.swift */; };
		E23AD5822A26572400E5A4D4 /* SearchResponse.swift in Sources */ = {isa = PBXBuildFile; fileRef = E23AD5812A26572400E5A4D4 /* SearchResponse.swift */; };
		E23AD5842A26577600E5A4D4 /* BookResponse.swift in Sources */ = {isa = PBXBuildFile; fileRef = E23AD5832A26577600E5A4D4 /* BookResponse.swift */; };
		E23AD5872A265BFD00E5A4D4 /* UIColor+.swift in Sources */ = {isa = PBXBuildFile; fileRef = E23AD5862A265BFD00E5A4D4 /* UIColor+.swift */; };
		E23AD5892A265CB900E5A4D4 /* UIFont+.swift in Sources */ = {isa = PBXBuildFile; fileRef = E23AD5882A265CB900E5A4D4 /* UIFont+.swift */; };
		E23AD58B2A26E26700E5A4D4 /* UIImage+.swift in Sources */ = {isa = PBXBuildFile; fileRef = E23AD58A2A26E26700E5A4D4 /* UIImage+.swift */; };
		E23AD58D2A26F12200E5A4D4 /* SearchResultCollectionView.swift in Sources */ = {isa = PBXBuildFile; fileRef = E23AD58C2A26F12200E5A4D4 /* SearchResultCollectionView.swift */; };
		E23AD58F2A26F36F00E5A4D4 /* SearchResultCell.swift in Sources */ = {isa = PBXBuildFile; fileRef = E23AD58E2A26F36F00E5A4D4 /* SearchResultCell.swift */; };
		E23AD5922A26FDB400E5A4D4 /* Book.swift in Sources */ = {isa = PBXBuildFile; fileRef = E23AD5912A26FDB400E5A4D4 /* Book.swift */; };
		E23AD5942A27272500E5A4D4 /* SearchController.swift in Sources */ = {isa = PBXBuildFile; fileRef = E23AD5932A27272500E5A4D4 /* SearchController.swift */; };
		E23AD5962A27334500E5A4D4 /* SearchViewModel.swift in Sources */ = {isa = PBXBuildFile; fileRef = E23AD5952A27334500E5A4D4 /* SearchViewModel.swift */; };
		E23AD5982A273C5600E5A4D4 /* SearchRepository.swift in Sources */ = {isa = PBXBuildFile; fileRef = E23AD5972A273C5600E5A4D4 /* SearchRepository.swift */; };
/* End PBXBuildFile section */

/* Begin PBXContainerItemProxy section */
		E23AD5572A2634C300E5A4D4 /* PBXContainerItemProxy */ = {
			isa = PBXContainerItemProxy;
			containerPortal = E23AD5382A2634C200E5A4D4 /* Project object */;
			proxyType = 1;
			remoteGlobalIDString = E23AD53F2A2634C200E5A4D4;
			remoteInfo = BookSearchApp;
		};
		E23AD5612A2634C300E5A4D4 /* PBXContainerItemProxy */ = {
			isa = PBXContainerItemProxy;
			containerPortal = E23AD5382A2634C200E5A4D4 /* Project object */;
			proxyType = 1;
			remoteGlobalIDString = E23AD53F2A2634C200E5A4D4;
			remoteInfo = BookSearchApp;
		};
/* End PBXContainerItemProxy section */

/* Begin PBXFileReference section */
		E23AD5402A2634C200E5A4D4 /* BookSearchApp.app */ = {isa = PBXFileReference; explicitFileType = wrapper.application; includeInIndex = 0; path = BookSearchApp.app; sourceTree = BUILT_PRODUCTS_DIR; };
		E23AD5432A2634C200E5A4D4 /* AppDelegate.swift */ = {isa = PBXFileReference; lastKnownFileType = sourcecode.swift; path = AppDelegate.swift; sourceTree = "<group>"; };
		E23AD5452A2634C200E5A4D4 /* SceneDelegate.swift */ = {isa = PBXFileReference; lastKnownFileType = sourcecode.swift; path = SceneDelegate.swift; sourceTree = "<group>"; };
		E23AD5472A2634C200E5A4D4 /* SearchViewController.swift */ = {isa = PBXFileReference; lastKnownFileType = sourcecode.swift; path = SearchViewController.swift; sourceTree = "<group>"; };
		E23AD54C2A2634C300E5A4D4 /* Assets.xcassets */ = {isa = PBXFileReference; lastKnownFileType = folder.assetcatalog; path = Assets.xcassets; sourceTree = "<group>"; };
		E23AD54F2A2634C300E5A4D4 /* Base */ = {isa = PBXFileReference; lastKnownFileType = file.storyboard; name = Base; path = Base.lproj/LaunchScreen.storyboard; sourceTree = "<group>"; };
		E23AD5512A2634C300E5A4D4 /* Info.plist */ = {isa = PBXFileReference; lastKnownFileType = text.plist.xml; path = Info.plist; sourceTree = "<group>"; };
		E23AD5562A2634C300E5A4D4 /* BookSearchAppTests.xctest */ = {isa = PBXFileReference; explicitFileType = wrapper.cfbundle; includeInIndex = 0; path = BookSearchAppTests.xctest; sourceTree = BUILT_PRODUCTS_DIR; };
		E23AD55A2A2634C300E5A4D4 /* BookSearchAppTests.swift */ = {isa = PBXFileReference; lastKnownFileType = sourcecode.swift; path = BookSearchAppTests.swift; sourceTree = "<group>"; };
		E23AD5602A2634C300E5A4D4 /* BookSearchAppUITests.xctest */ = {isa = PBXFileReference; explicitFileType = wrapper.cfbundle; includeInIndex = 0; path = BookSearchAppUITests.xctest; sourceTree = BUILT_PRODUCTS_DIR; };
		E23AD5642A2634C300E5A4D4 /* BookSearchAppUITests.swift */ = {isa = PBXFileReference; lastKnownFileType = sourcecode.swift; path = BookSearchAppUITests.swift; sourceTree = "<group>"; };
		E23AD5662A2634C300E5A4D4 /* BookSearchAppUITestsLaunchTests.swift */ = {isa = PBXFileReference; lastKnownFileType = sourcecode.swift; path = BookSearchAppUITestsLaunchTests.swift; sourceTree = "<group>"; };
		E23AD5742A26451200E5A4D4 /* UICollectionView+.swift */ = {isa = PBXFileReference; lastKnownFileType = sourcecode.swift; path = "UICollectionView+.swift"; sourceTree = "<group>"; };
		E23AD5782A264A7E00E5A4D4 /* NetworkService.swift */ = {isa = PBXFileReference; lastKnownFileType = sourcecode.swift; path = NetworkService.swift; sourceTree = "<group>"; };
		E23AD57A2A264BC300E5A4D4 /* EndPoints.swift */ = {isa = PBXFileReference; lastKnownFileType = sourcecode.swift; path = EndPoints.swift; sourceTree = "<group>"; };
		E23AD57C2A264ED300E5A4D4 /* ImageCache.swift */ = {isa = PBXFileReference; lastKnownFileType = sourcecode.swift; path = ImageCache.swift; sourceTree = "<group>"; };
		E23AD57E2A264EF400E5A4D4 /* ImageLoader.swift */ = {isa = PBXFileReference; lastKnownFileType = sourcecode.swift; path = ImageLoader.swift; sourceTree = "<group>"; };
		E23AD5812A26572400E5A4D4 /* SearchResponse.swift */ = {isa = PBXFileReference; lastKnownFileType = sourcecode.swift; path = SearchResponse.swift; sourceTree = "<group>"; };
		E23AD5832A26577600E5A4D4 /* BookResponse.swift */ = {isa = PBXFileReference; lastKnownFileType = sourcecode.swift; path = BookResponse.swift; sourceTree = "<group>"; };
		E23AD5862A265BFD00E5A4D4 /* UIColor+.swift */ = {isa = PBXFileReference; lastKnownFileType = sourcecode.swift; path = "UIColor+.swift"; sourceTree = "<group>"; };
		E23AD5882A265CB900E5A4D4 /* UIFont+.swift */ = {isa = PBXFileReference; lastKnownFileType = sourcecode.swift; path = "UIFont+.swift"; sourceTree = "<group>"; };
		E23AD58A2A26E26700E5A4D4 /* UIImage+.swift */ = {isa = PBXFileReference; lastKnownFileType = sourcecode.swift; path = "UIImage+.swift"; sourceTree = "<group>"; };
		E23AD58C2A26F12200E5A4D4 /* SearchResultCollectionView.swift */ = {isa = PBXFileReference; lastKnownFileType = sourcecode.swift; path = SearchResultCollectionView.swift; sourceTree = "<group>"; };
		E23AD58E2A26F36F00E5A4D4 /* SearchResultCell.swift */ = {isa = PBXFileReference; lastKnownFileType = sourcecode.swift; path = SearchResultCell.swift; sourceTree = "<group>"; };
		E23AD5912A26FDB400E5A4D4 /* Book.swift */ = {isa = PBXFileReference; lastKnownFileType = sourcecode.swift; path = Book.swift; sourceTree = "<group>"; };
		E23AD5932A27272500E5A4D4 /* SearchController.swift */ = {isa = PBXFileReference; lastKnownFileType = sourcecode.swift; path = SearchController.swift; sourceTree = "<group>"; };
		E23AD5952A27334500E5A4D4 /* SearchViewModel.swift */ = {isa = PBXFileReference; lastKnownFileType = sourcecode.swift; path = SearchViewModel.swift; sourceTree = "<group>"; };
		E23AD5972A273C5600E5A4D4 /* SearchRepository.swift */ = {isa = PBXFileReference; lastKnownFileType = sourcecode.swift; path = SearchRepository.swift; sourceTree = "<group>"; };
/* End PBXFileReference section */

/* Begin PBXFrameworksBuildPhase section */
		E23AD53D2A2634C200E5A4D4 /* Frameworks */ = {
			isa = PBXFrameworksBuildPhase;
			buildActionMask = 2147483647;
			files = (
			);
			runOnlyForDeploymentPostprocessing = 0;
		};
		E23AD5532A2634C300E5A4D4 /* Frameworks */ = {
			isa = PBXFrameworksBuildPhase;
			buildActionMask = 2147483647;
			files = (
			);
			runOnlyForDeploymentPostprocessing = 0;
		};
		E23AD55D2A2634C300E5A4D4 /* Frameworks */ = {
			isa = PBXFrameworksBuildPhase;
			buildActionMask = 2147483647;
			files = (
			);
			runOnlyForDeploymentPostprocessing = 0;
		};
/* End PBXFrameworksBuildPhase section */

/* Begin PBXGroup section */
		E23AD5372A2634C200E5A4D4 = {
			isa = PBXGroup;
			children = (
				E23AD5422A2634C200E5A4D4 /* BookSearchApp */,
				E23AD5592A2634C300E5A4D4 /* BookSearchAppTests */,
				E23AD5632A2634C300E5A4D4 /* BookSearchAppUITests */,
				E23AD5412A2634C200E5A4D4 /* Products */,
			);
			sourceTree = "<group>";
		};
		E23AD5412A2634C200E5A4D4 /* Products */ = {
			isa = PBXGroup;
			children = (
				E23AD5402A2634C200E5A4D4 /* BookSearchApp.app */,
				E23AD5562A2634C300E5A4D4 /* BookSearchAppTests.xctest */,
				E23AD5602A2634C300E5A4D4 /* BookSearchAppUITests.xctest */,
			);
			name = Products;
			sourceTree = "<group>";
		};
		E23AD5422A2634C200E5A4D4 /* BookSearchApp */ = {
			isa = PBXGroup;
			children = (
				E23AD5432A2634C200E5A4D4 /* AppDelegate.swift */,
				E23AD5452A2634C200E5A4D4 /* SceneDelegate.swift */,
				E23AD54C2A2634C300E5A4D4 /* Assets.xcassets */,
				E23AD54E2A2634C300E5A4D4 /* LaunchScreen.storyboard */,
				E23AD5902A26FD9B00E5A4D4 /* Entities */,
				E23AD5852A26582000E5A4D4 /* Search */,
				E23AD5512A2634C300E5A4D4 /* Info.plist */,
				E23AD5772A264A5900E5A4D4 /* Network */,
				E23AD5732A2644FD00E5A4D4 /* Extensions */,
			);
			path = BookSearchApp;
			sourceTree = "<group>";
		};
		E23AD5592A2634C300E5A4D4 /* BookSearchAppTests */ = {
			isa = PBXGroup;
			children = (
				E23AD55A2A2634C300E5A4D4 /* BookSearchAppTests.swift */,
			);
			path = BookSearchAppTests;
			sourceTree = "<group>";
		};
		E23AD5632A2634C300E5A4D4 /* BookSearchAppUITests */ = {
			isa = PBXGroup;
			children = (
				E23AD5642A2634C300E5A4D4 /* BookSearchAppUITests.swift */,
				E23AD5662A2634C300E5A4D4 /* BookSearchAppUITestsLaunchTests.swift */,
			);
			path = BookSearchAppUITests;
			sourceTree = "<group>";
		};
		E23AD5732A2644FD00E5A4D4 /* Extensions */ = {
			isa = PBXGroup;
			children = (
				E23AD5742A26451200E5A4D4 /* UICollectionView+.swift */,
				E23AD5862A265BFD00E5A4D4 /* UIColor+.swift */,
				E23AD5882A265CB900E5A4D4 /* UIFont+.swift */,
				E23AD58A2A26E26700E5A4D4 /* UIImage+.swift */,
			);
			path = Extensions;
			sourceTree = "<group>";
		};
		E23AD5772A264A5900E5A4D4 /* Network */ = {
			isa = PBXGroup;
			children = (
				E23AD5802A26571500E5A4D4 /* DTO */,
				E23AD5782A264A7E00E5A4D4 /* NetworkService.swift */,
				E23AD57A2A264BC300E5A4D4 /* EndPoints.swift */,
				E23AD57C2A264ED300E5A4D4 /* ImageCache.swift */,
				E23AD57E2A264EF400E5A4D4 /* ImageLoader.swift */,
			);
			path = Network;
			sourceTree = "<group>";
		};
		E23AD5802A26571500E5A4D4 /* DTO */ = {
			isa = PBXGroup;
			children = (
				E23AD5812A26572400E5A4D4 /* SearchResponse.swift */,
				E23AD5832A26577600E5A4D4 /* BookResponse.swift */,
			);
			path = DTO;
			sourceTree = "<group>";
		};
		E23AD5852A26582000E5A4D4 /* Search */ = {
			isa = PBXGroup;
			children = (
				E23AD5472A2634C200E5A4D4 /* SearchViewController.swift */,
				E23AD58C2A26F12200E5A4D4 /* SearchResultCollectionView.swift */,
				E23AD58E2A26F36F00E5A4D4 /* SearchResultCell.swift */,
				E23AD5932A27272500E5A4D4 /* SearchController.swift */,
				E23AD5952A27334500E5A4D4 /* SearchViewModel.swift */,
				E23AD5972A273C5600E5A4D4 /* SearchRepository.swift */,
			);
			path = Search;
			sourceTree = "<group>";
		};
		E23AD5902A26FD9B00E5A4D4 /* Entities */ = {
			isa = PBXGroup;
			children = (
				E23AD5912A26FDB400E5A4D4 /* Book.swift */,
			);
			path = Entities;
			sourceTree = "<group>";
		};
/* End PBXGroup section */

/* Begin PBXNativeTarget section */
		E23AD53F2A2634C200E5A4D4 /* BookSearchApp */ = {
			isa = PBXNativeTarget;
			buildConfigurationList = E23AD56A2A2634C300E5A4D4 /* Build configuration list for PBXNativeTarget "BookSearchApp" */;
			buildPhases = (
				E23AD53C2A2634C200E5A4D4 /* Sources */,
				E23AD53D2A2634C200E5A4D4 /* Frameworks */,
				E23AD53E2A2634C200E5A4D4 /* Resources */,
			);
			buildRules = (
			);
			dependencies = (
			);
			name = BookSearchApp;
			productName = BookSearchApp;
			productReference = E23AD5402A2634C200E5A4D4 /* BookSearchApp.app */;
			productType = "com.apple.product-type.application";
		};
		E23AD5552A2634C300E5A4D4 /* BookSearchAppTests */ = {
			isa = PBXNativeTarget;
			buildConfigurationList = E23AD56D2A2634C300E5A4D4 /* Build configuration list for PBXNativeTarget "BookSearchAppTests" */;
			buildPhases = (
				E23AD5522A2634C300E5A4D4 /* Sources */,
				E23AD5532A2634C300E5A4D4 /* Frameworks */,
				E23AD5542A2634C300E5A4D4 /* Resources */,
			);
			buildRules = (
			);
			dependencies = (
				E23AD5582A2634C300E5A4D4 /* PBXTargetDependency */,
			);
			name = BookSearchAppTests;
			productName = BookSearchAppTests;
			productReference = E23AD5562A2634C300E5A4D4 /* BookSearchAppTests.xctest */;
			productType = "com.apple.product-type.bundle.unit-test";
		};
		E23AD55F2A2634C300E5A4D4 /* BookSearchAppUITests */ = {
			isa = PBXNativeTarget;
			buildConfigurationList = E23AD5702A2634C300E5A4D4 /* Build configuration list for PBXNativeTarget "BookSearchAppUITests" */;
			buildPhases = (
				E23AD55C2A2634C300E5A4D4 /* Sources */,
				E23AD55D2A2634C300E5A4D4 /* Frameworks */,
				E23AD55E2A2634C300E5A4D4 /* Resources */,
			);
			buildRules = (
			);
			dependencies = (
				E23AD5622A2634C300E5A4D4 /* PBXTargetDependency */,
			);
			name = BookSearchAppUITests;
			productName = BookSearchAppUITests;
			productReference = E23AD5602A2634C300E5A4D4 /* BookSearchAppUITests.xctest */;
			productType = "com.apple.product-type.bundle.ui-testing";
		};
/* End PBXNativeTarget section */

/* Begin PBXProject section */
		E23AD5382A2634C200E5A4D4 /* Project object */ = {
			isa = PBXProject;
			attributes = {
				BuildIndependentTargetsInParallel = 1;
				LastSwiftUpdateCheck = 1420;
				LastUpgradeCheck = 1420;
				TargetAttributes = {
					E23AD53F2A2634C200E5A4D4 = {
						CreatedOnToolsVersion = 14.2;
					};
					E23AD5552A2634C300E5A4D4 = {
						CreatedOnToolsVersion = 14.2;
						TestTargetID = E23AD53F2A2634C200E5A4D4;
					};
					E23AD55F2A2634C300E5A4D4 = {
						CreatedOnToolsVersion = 14.2;
						TestTargetID = E23AD53F2A2634C200E5A4D4;
					};
				};
			};
			buildConfigurationList = E23AD53B2A2634C200E5A4D4 /* Build configuration list for PBXProject "BookSearchApp" */;
			compatibilityVersion = "Xcode 14.0";
			developmentRegion = en;
			hasScannedForEncodings = 0;
			knownRegions = (
				en,
				Base,
			);
			mainGroup = E23AD5372A2634C200E5A4D4;
			productRefGroup = E23AD5412A2634C200E5A4D4 /* Products */;
			projectDirPath = "";
			projectRoot = "";
			targets = (
				E23AD53F2A2634C200E5A4D4 /* BookSearchApp */,
				E23AD5552A2634C300E5A4D4 /* BookSearchAppTests */,
				E23AD55F2A2634C300E5A4D4 /* BookSearchAppUITests */,
			);
		};
/* End PBXProject section */

/* Begin PBXResourcesBuildPhase section */
		E23AD53E2A2634C200E5A4D4 /* Resources */ = {
			isa = PBXResourcesBuildPhase;
			buildActionMask = 2147483647;
			files = (
				E23AD5502A2634C300E5A4D4 /* LaunchScreen.storyboard in Resources */,
				E23AD54D2A2634C300E5A4D4 /* Assets.xcassets in Resources */,
			);
			runOnlyForDeploymentPostprocessing = 0;
		};
		E23AD5542A2634C300E5A4D4 /* Resources */ = {
			isa = PBXResourcesBuildPhase;
			buildActionMask = 2147483647;
			files = (
			);
			runOnlyForDeploymentPostprocessing = 0;
		};
		E23AD55E2A2634C300E5A4D4 /* Resources */ = {
			isa = PBXResourcesBuildPhase;
			buildActionMask = 2147483647;
			files = (
			);
			runOnlyForDeploymentPostprocessing = 0;
		};
/* End PBXResourcesBuildPhase section */

/* Begin PBXSourcesBuildPhase section */
		E23AD53C2A2634C200E5A4D4 /* Sources */ = {
			isa = PBXSourcesBuildPhase;
			buildActionMask = 2147483647;
			files = (
				E23AD5922A26FDB400E5A4D4 /* Book.swift in Sources */,
				E23AD5792A264A7E00E5A4D4 /* NetworkService.swift in Sources */,
				E23AD5842A26577600E5A4D4 /* BookResponse.swift in Sources */,
				E23AD5482A2634C200E5A4D4 /* SearchViewController.swift in Sources */,
				E23AD5442A2634C200E5A4D4 /* AppDelegate.swift in Sources */,
				E23AD58F2A26F36F00E5A4D4 /* SearchResultCell.swift in Sources */,
				E23AD5962A27334500E5A4D4 /* SearchViewModel.swift in Sources */,
				E23AD5892A265CB900E5A4D4 /* UIFont+.swift in Sources */,
				E23AD5872A265BFD00E5A4D4 /* UIColor+.swift in Sources */,
				E23AD5752A26451200E5A4D4 /* UICollectionView+.swift in Sources */,
				E23AD57B2A264BC300E5A4D4 /* EndPoints.swift in Sources */,
				E23AD5942A27272500E5A4D4 /* SearchController.swift in Sources */,
				E23AD58D2A26F12200E5A4D4 /* SearchResultCollectionView.swift in Sources */,
				E23AD57D2A264ED300E5A4D4 /* ImageCache.swift in Sources */,
				E23AD58B2A26E26700E5A4D4 /* UIImage+.swift in Sources */,
				E23AD57F2A264EF400E5A4D4 /* ImageLoader.swift in Sources */,
				E23AD5462A2634C200E5A4D4 /* SceneDelegate.swift in Sources */,
				E23AD5822A26572400E5A4D4 /* SearchResponse.swift in Sources */,
				E23AD5982A273C5600E5A4D4 /* SearchRepository.swift in Sources */,
			);
			runOnlyForDeploymentPostprocessing = 0;
		};
		E23AD5522A2634C300E5A4D4 /* Sources */ = {
			isa = PBXSourcesBuildPhase;
			buildActionMask = 2147483647;
			files = (
				E23AD55B2A2634C300E5A4D4 /* BookSearchAppTests.swift in Sources */,
			);
			runOnlyForDeploymentPostprocessing = 0;
		};
		E23AD55C2A2634C300E5A4D4 /* Sources */ = {
			isa = PBXSourcesBuildPhase;
			buildActionMask = 2147483647;
			files = (
				E23AD5652A2634C300E5A4D4 /* BookSearchAppUITests.swift in Sources */,
				E23AD5672A2634C300E5A4D4 /* BookSearchAppUITestsLaunchTests.swift in Sources */,
			);
			runOnlyForDeploymentPostprocessing = 0;
		};
/* End PBXSourcesBuildPhase section */

/* Begin PBXTargetDependency section */
		E23AD5582A2634C300E5A4D4 /* PBXTargetDependency */ = {
			isa = PBXTargetDependency;
			target = E23AD53F2A2634C200E5A4D4 /* BookSearchApp */;
			targetProxy = E23AD5572A2634C300E5A4D4 /* PBXContainerItemProxy */;
		};
		E23AD5622A2634C300E5A4D4 /* PBXTargetDependency */ = {
			isa = PBXTargetDependency;
			target = E23AD53F2A2634C200E5A4D4 /* BookSearchApp */;
			targetProxy = E23AD5612A2634C300E5A4D4 /* PBXContainerItemProxy */;
		};
/* End PBXTargetDependency section */

/* Begin PBXVariantGroup section */
		E23AD54E2A2634C300E5A4D4 /* LaunchScreen.storyboard */ = {
			isa = PBXVariantGroup;
			children = (
				E23AD54F2A2634C300E5A4D4 /* Base */,
			);
			name = LaunchScreen.storyboard;
			sourceTree = "<group>";
		};
/* End PBXVariantGroup section */

/* Begin XCBuildConfiguration section */
		E23AD5682A2634C300E5A4D4 /* Debug */ = {
			isa = XCBuildConfiguration;
			buildSettings = {
				ALWAYS_SEARCH_USER_PATHS = NO;
				CLANG_ANALYZER_NONNULL = YES;
				CLANG_ANALYZER_NUMBER_OBJECT_CONVERSION = YES_AGGRESSIVE;
				CLANG_CXX_LANGUAGE_STANDARD = "gnu++20";
				CLANG_ENABLE_MODULES = YES;
				CLANG_ENABLE_OBJC_ARC = YES;
				CLANG_ENABLE_OBJC_WEAK = YES;
				CLANG_WARN_BLOCK_CAPTURE_AUTORELEASING = YES;
				CLANG_WARN_BOOL_CONVERSION = YES;
				CLANG_WARN_COMMA = YES;
				CLANG_WARN_CONSTANT_CONVERSION = YES;
				CLANG_WARN_DEPRECATED_OBJC_IMPLEMENTATIONS = YES;
				CLANG_WARN_DIRECT_OBJC_ISA_USAGE = YES_ERROR;
				CLANG_WARN_DOCUMENTATION_COMMENTS = YES;
				CLANG_WARN_EMPTY_BODY = YES;
				CLANG_WARN_ENUM_CONVERSION = YES;
				CLANG_WARN_INFINITE_RECURSION = YES;
				CLANG_WARN_INT_CONVERSION = YES;
				CLANG_WARN_NON_LITERAL_NULL_CONVERSION = YES;
				CLANG_WARN_OBJC_IMPLICIT_RETAIN_SELF = YES;
				CLANG_WARN_OBJC_LITERAL_CONVERSION = YES;
				CLANG_WARN_OBJC_ROOT_CLASS = YES_ERROR;
				CLANG_WARN_QUOTED_INCLUDE_IN_FRAMEWORK_HEADER = YES;
				CLANG_WARN_RANGE_LOOP_ANALYSIS = YES;
				CLANG_WARN_STRICT_PROTOTYPES = YES;
				CLANG_WARN_SUSPICIOUS_MOVE = YES;
				CLANG_WARN_UNGUARDED_AVAILABILITY = YES_AGGRESSIVE;
				CLANG_WARN_UNREACHABLE_CODE = YES;
				CLANG_WARN__DUPLICATE_METHOD_MATCH = YES;
				COPY_PHASE_STRIP = NO;
				DEBUG_INFORMATION_FORMAT = dwarf;
				ENABLE_STRICT_OBJC_MSGSEND = YES;
				ENABLE_TESTABILITY = YES;
				GCC_C_LANGUAGE_STANDARD = gnu11;
				GCC_DYNAMIC_NO_PIC = NO;
				GCC_NO_COMMON_BLOCKS = YES;
				GCC_OPTIMIZATION_LEVEL = 0;
				GCC_PREPROCESSOR_DEFINITIONS = (
					"DEBUG=1",
					"$(inherited)",
				);
				GCC_WARN_64_TO_32_BIT_CONVERSION = YES;
				GCC_WARN_ABOUT_RETURN_TYPE = YES_ERROR;
				GCC_WARN_UNDECLARED_SELECTOR = YES;
				GCC_WARN_UNINITIALIZED_AUTOS = YES_AGGRESSIVE;
				GCC_WARN_UNUSED_FUNCTION = YES;
				GCC_WARN_UNUSED_VARIABLE = YES;
				IPHONEOS_DEPLOYMENT_TARGET = 14.0;
				MTL_ENABLE_DEBUG_INFO = INCLUDE_SOURCE;
				MTL_FAST_MATH = YES;
				ONLY_ACTIVE_ARCH = YES;
				SDKROOT = iphoneos;
				SWIFT_ACTIVE_COMPILATION_CONDITIONS = DEBUG;
				SWIFT_OPTIMIZATION_LEVEL = "-Onone";
			};
			name = Debug;
		};
		E23AD5692A2634C300E5A4D4 /* Release */ = {
			isa = XCBuildConfiguration;
			buildSettings = {
				ALWAYS_SEARCH_USER_PATHS = NO;
				CLANG_ANALYZER_NONNULL = YES;
				CLANG_ANALYZER_NUMBER_OBJECT_CONVERSION = YES_AGGRESSIVE;
				CLANG_CXX_LANGUAGE_STANDARD = "gnu++20";
				CLANG_ENABLE_MODULES = YES;
				CLANG_ENABLE_OBJC_ARC = YES;
				CLANG_ENABLE_OBJC_WEAK = YES;
				CLANG_WARN_BLOCK_CAPTURE_AUTORELEASING = YES;
				CLANG_WARN_BOOL_CONVERSION = YES;
				CLANG_WARN_COMMA = YES;
				CLANG_WARN_CONSTANT_CONVERSION = YES;
				CLANG_WARN_DEPRECATED_OBJC_IMPLEMENTATIONS = YES;
				CLANG_WARN_DIRECT_OBJC_ISA_USAGE = YES_ERROR;
				CLANG_WARN_DOCUMENTATION_COMMENTS = YES;
				CLANG_WARN_EMPTY_BODY = YES;
				CLANG_WARN_ENUM_CONVERSION = YES;
				CLANG_WARN_INFINITE_RECURSION = YES;
				CLANG_WARN_INT_CONVERSION = YES;
				CLANG_WARN_NON_LITERAL_NULL_CONVERSION = YES;
				CLANG_WARN_OBJC_IMPLICIT_RETAIN_SELF = YES;
				CLANG_WARN_OBJC_LITERAL_CONVERSION = YES;
				CLANG_WARN_OBJC_ROOT_CLASS = YES_ERROR;
				CLANG_WARN_QUOTED_INCLUDE_IN_FRAMEWORK_HEADER = YES;
				CLANG_WARN_RANGE_LOOP_ANALYSIS = YES;
				CLANG_WARN_STRICT_PROTOTYPES = YES;
				CLANG_WARN_SUSPICIOUS_MOVE = YES;
				CLANG_WARN_UNGUARDED_AVAILABILITY = YES_AGGRESSIVE;
				CLANG_WARN_UNREACHABLE_CODE = YES;
				CLANG_WARN__DUPLICATE_METHOD_MATCH = YES;
				COPY_PHASE_STRIP = NO;
				DEBUG_INFORMATION_FORMAT = "dwarf-with-dsym";
				ENABLE_NS_ASSERTIONS = NO;
				ENABLE_STRICT_OBJC_MSGSEND = YES;
				GCC_C_LANGUAGE_STANDARD = gnu11;
				GCC_NO_COMMON_BLOCKS = YES;
				GCC_WARN_64_TO_32_BIT_CONVERSION = YES;
				GCC_WARN_ABOUT_RETURN_TYPE = YES_ERROR;
				GCC_WARN_UNDECLARED_SELECTOR = YES;
				GCC_WARN_UNINITIALIZED_AUTOS = YES_AGGRESSIVE;
				GCC_WARN_UNUSED_FUNCTION = YES;
				GCC_WARN_UNUSED_VARIABLE = YES;
				IPHONEOS_DEPLOYMENT_TARGET = 14.0;
				MTL_ENABLE_DEBUG_INFO = NO;
				MTL_FAST_MATH = YES;
				SDKROOT = iphoneos;
				SWIFT_COMPILATION_MODE = wholemodule;
				SWIFT_OPTIMIZATION_LEVEL = "-O";
				VALIDATE_PRODUCT = YES;
			};
			name = Release;
		};
		E23AD56B2A2634C300E5A4D4 /* Debug */ = {
			isa = XCBuildConfiguration;
			buildSettings = {
				ASSETCATALOG_COMPILER_APPICON_NAME = AppIcon;
				ASSETCATALOG_COMPILER_GLOBAL_ACCENT_COLOR_NAME = AccentColor;
				CODE_SIGN_STYLE = Automatic;
				CURRENT_PROJECT_VERSION = 1;
				GENERATE_INFOPLIST_FILE = YES;
				INFOPLIST_FILE = BookSearchApp/Info.plist;
				INFOPLIST_KEY_UIApplicationSupportsIndirectInputEvents = YES;
				INFOPLIST_KEY_UILaunchStoryboardName = LaunchScreen;
				INFOPLIST_KEY_UISupportedInterfaceOrientations_iPad = "UIInterfaceOrientationPortrait UIInterfaceOrientationPortraitUpsideDown UIInterfaceOrientationLandscapeLeft UIInterfaceOrientationLandscapeRight";
				INFOPLIST_KEY_UISupportedInterfaceOrientations_iPhone = "UIInterfaceOrientationPortrait UIInterfaceOrientationLandscapeLeft UIInterfaceOrientationLandscapeRight";
				IPHONEOS_DEPLOYMENT_TARGET = 14.0;
				LD_RUNPATH_SEARCH_PATHS = (
					"$(inherited)",
					"@executable_path/Frameworks",
				);
				MARKETING_VERSION = 1.0;
				PRODUCT_BUNDLE_IDENTIFIER = com.yeondu.BookSearchApp;
				PRODUCT_NAME = "$(TARGET_NAME)";
				SWIFT_EMIT_LOC_STRINGS = YES;
				SWIFT_VERSION = 5.0;
				TARGETED_DEVICE_FAMILY = "1,2";
			};
			name = Debug;
		};
		E23AD56C2A2634C300E5A4D4 /* Release */ = {
			isa = XCBuildConfiguration;
			buildSettings = {
				ASSETCATALOG_COMPILER_APPICON_NAME = AppIcon;
				ASSETCATALOG_COMPILER_GLOBAL_ACCENT_COLOR_NAME = AccentColor;
				CODE_SIGN_STYLE = Automatic;
				CURRENT_PROJECT_VERSION = 1;
				GENERATE_INFOPLIST_FILE = YES;
				INFOPLIST_FILE = BookSearchApp/Info.plist;
				INFOPLIST_KEY_UIApplicationSupportsIndirectInputEvents = YES;
				INFOPLIST_KEY_UILaunchStoryboardName = LaunchScreen;
				INFOPLIST_KEY_UISupportedInterfaceOrientations_iPad = "UIInterfaceOrientationPortrait UIInterfaceOrientationPortraitUpsideDown UIInterfaceOrientationLandscapeLeft UIInterfaceOrientationLandscapeRight";
				INFOPLIST_KEY_UISupportedInterfaceOrientations_iPhone = "UIInterfaceOrientationPortrait UIInterfaceOrientationLandscapeLeft UIInterfaceOrientationLandscapeRight";
				IPHONEOS_DEPLOYMENT_TARGET = 14.0;
				LD_RUNPATH_SEARCH_PATHS = (
					"$(inherited)",
					"@executable_path/Frameworks",
				);
				MARKETING_VERSION = 1.0;
				PRODUCT_BUNDLE_IDENTIFIER = com.yeondu.BookSearchApp;
				PRODUCT_NAME = "$(TARGET_NAME)";
				SWIFT_EMIT_LOC_STRINGS = YES;
				SWIFT_VERSION = 5.0;
				TARGETED_DEVICE_FAMILY = "1,2";
			};
			name = Release;
		};
		E23AD56E2A2634C300E5A4D4 /* Debug */ = {
			isa = XCBuildConfiguration;
			buildSettings = {
				ALWAYS_EMBED_SWIFT_STANDARD_LIBRARIES = YES;
				BUNDLE_LOADER = "$(TEST_HOST)";
				CODE_SIGN_STYLE = Automatic;
				CURRENT_PROJECT_VERSION = 1;
				GENERATE_INFOPLIST_FILE = YES;
				IPHONEOS_DEPLOYMENT_TARGET = 16.2;
				MARKETING_VERSION = 1.0;
				PRODUCT_BUNDLE_IDENTIFIER = com.yeondu.BookSearchAppTests;
				PRODUCT_NAME = "$(TARGET_NAME)";
				SWIFT_EMIT_LOC_STRINGS = NO;
				SWIFT_VERSION = 5.0;
				TARGETED_DEVICE_FAMILY = "1,2";
				TEST_HOST = "$(BUILT_PRODUCTS_DIR)/BookSearchApp.app/$(BUNDLE_EXECUTABLE_FOLDER_PATH)/BookSearchApp";
			};
			name = Debug;
		};
		E23AD56F2A2634C300E5A4D4 /* Release */ = {
			isa = XCBuildConfiguration;
			buildSettings = {
				ALWAYS_EMBED_SWIFT_STANDARD_LIBRARIES = YES;
				BUNDLE_LOADER = "$(TEST_HOST)";
				CODE_SIGN_STYLE = Automatic;
				CURRENT_PROJECT_VERSION = 1;
				GENERATE_INFOPLIST_FILE = YES;
				IPHONEOS_DEPLOYMENT_TARGET = 16.2;
				MARKETING_VERSION = 1.0;
				PRODUCT_BUNDLE_IDENTIFIER = com.yeondu.BookSearchAppTests;
				PRODUCT_NAME = "$(TARGET_NAME)";
				SWIFT_EMIT_LOC_STRINGS = NO;
				SWIFT_VERSION = 5.0;
				TARGETED_DEVICE_FAMILY = "1,2";
				TEST_HOST = "$(BUILT_PRODUCTS_DIR)/BookSearchApp.app/$(BUNDLE_EXECUTABLE_FOLDER_PATH)/BookSearchApp";
			};
			name = Release;
		};
		E23AD5712A2634C300E5A4D4 /* Debug */ = {
			isa = XCBuildConfiguration;
			buildSettings = {
				ALWAYS_EMBED_SWIFT_STANDARD_LIBRARIES = YES;
				CODE_SIGN_STYLE = Automatic;
				CURRENT_PROJECT_VERSION = 1;
				GENERATE_INFOPLIST_FILE = YES;
				MARKETING_VERSION = 1.0;
				PRODUCT_BUNDLE_IDENTIFIER = com.yeondu.BookSearchAppUITests;
				PRODUCT_NAME = "$(TARGET_NAME)";
				SWIFT_EMIT_LOC_STRINGS = NO;
				SWIFT_VERSION = 5.0;
				TARGETED_DEVICE_FAMILY = "1,2";
				TEST_TARGET_NAME = BookSearchApp;
			};
			name = Debug;
		};
		E23AD5722A2634C300E5A4D4 /* Release */ = {
			isa = XCBuildConfiguration;
			buildSettings = {
				ALWAYS_EMBED_SWIFT_STANDARD_LIBRARIES = YES;
				CODE_SIGN_STYLE = Automatic;
				CURRENT_PROJECT_VERSION = 1;
				GENERATE_INFOPLIST_FILE = YES;
				MARKETING_VERSION = 1.0;
				PRODUCT_BUNDLE_IDENTIFIER = com.yeondu.BookSearchAppUITests;
				PRODUCT_NAME = "$(TARGET_NAME)";
				SWIFT_EMIT_LOC_STRINGS = NO;
				SWIFT_VERSION = 5.0;
				TARGETED_DEVICE_FAMILY = "1,2";
				TEST_TARGET_NAME = BookSearchApp;
			};
			name = Release;
		};
/* End XCBuildConfiguration section */

/* Begin XCConfigurationList section */
		E23AD53B2A2634C200E5A4D4 /* Build configuration list for PBXProject "BookSearchApp" */ = {
			isa = XCConfigurationList;
			buildConfigurations = (
				E23AD5682A2634C300E5A4D4 /* Debug */,
				E23AD5692A2634C300E5A4D4 /* Release */,
			);
			defaultConfigurationIsVisible = 0;
			defaultConfigurationName = Release;
		};
		E23AD56A2A2634C300E5A4D4 /* Build configuration list for PBXNativeTarget "BookSearchApp" */ = {
			isa = XCConfigurationList;
			buildConfigurations = (
				E23AD56B2A2634C300E5A4D4 /* Debug */,
				E23AD56C2A2634C300E5A4D4 /* Release */,
			);
			defaultConfigurationIsVisible = 0;
			defaultConfigurationName = Release;
		};
		E23AD56D2A2634C300E5A4D4 /* Build configuration list for PBXNativeTarget "BookSearchAppTests" */ = {
			isa = XCConfigurationList;
			buildConfigurations = (
				E23AD56E2A2634C300E5A4D4 /* Debug */,
				E23AD56F2A2634C300E5A4D4 /* Release */,
			);
			defaultConfigurationIsVisible = 0;
			defaultConfigurationName = Release;
		};
		E23AD5702A2634C300E5A4D4 /* Build configuration list for PBXNativeTarget "BookSearchAppUITests" */ = {
			isa = XCConfigurationList;
			buildConfigurations = (
				E23AD5712A2634C300E5A4D4 /* Debug */,
				E23AD5722A2634C300E5A4D4 /* Release */,
			);
			defaultConfigurationIsVisible = 0;
			defaultConfigurationName = Release;
		};
/* End XCConfigurationList section */
	};
	rootObject = E23AD5382A2634C200E5A4D4 /* Project object */;
}
